{
  "name": "jacky-wtf",
  "version": "2018.4.23",
  "lockfileVersion": 1,
  "requires": true,
  "dependencies": {
    "animate.css": {
      "version": "3.6.1",
      "resolved": "https://registry.npmjs.org/animate.css/-/animate.css-3.6.1.tgz",
      "integrity": "sha512-xEIzzKyQvQSIldgrtC2d/qptAEQLVlMb6xQrjQ6HU6NyGhF7LAIivRZVmhSAg4EICRASNiS+A1G+wvAKTCoC7A=="
    },
    "picturefill": {
      "version": "3.0.2",
      "resolved": "https://registry.npmjs.org/picturefill/-/picturefill-3.0.2.tgz",
      "integrity": "sha1-+j01//vvWrUwD+KtncqPLjbLons="
    },
    "tachyons-custom": {
      "version": "4.9.5",
      "resolved": "https://registry.npmjs.org/tachyons-custom/-/tachyons-custom-4.9.5.tgz",
      "integrity": "sha512-SfMpDhYyQQejVQ3rxPbpT9blmgNfZpaKcII95a3VSmWiES6pCyszYzmrj/xv5C3ybRWN/WV/uzCJD4zDPNt4iA=="
    },
    "tachyons-sass": {
      "version": "4.9.3",
      "resolved": "https://registry.npmjs.org/tachyons-sass/-/tachyons-sass-4.9.3.tgz",
      "integrity": "sha512-Cok8J0fGPx+v/12LizOma0tuRrd3EqIYqiUSTqkM/5HFy7sKmM1Gg3GU41XycWbrOGjNRc7S83cF+o4MhEInUQ==",
      "requires": {
        "tachyons-custom": "^4.9.2"
      }
    },
    "webfontloader": {
      "version": "1.6.28",
      "resolved": "https://registry.npmjs.org/webfontloader/-/webfontloader-1.6.28.tgz",
      "integrity": "sha1-23hhKSU8tujq5UwvsF+HCvZnW64="
    }
  }
}
